
Microsoft Visual Studio Solution File, Format Version 12.00
# Visual Studio Version 17
VisualStudioVersion = 17.0.32126.317
MinimumVisualStudioVersion = 10.0.40219.1
Project("{FAE04EC0-301F-11D3-BF4B-00C04F79EFBC}") = "WinFormsSampleApp", "WinFormsSampleApp\WinFormsSampleApp.csproj", "{30C28DD3-272F-4A08-86D9-703158E8DDE4}"
EndProject
Project("{2150E333-8FDC-42A3-9474-1A3956D46DE8}") = "Solution Items", "Solution Items", "{DBDC3943-06CA-489A-B8DB-CB9E456D9F1B}"
	ProjectSection(SolutionItems) = preProject
		.editorconfig = .editorconfig
	EndProjectSection
EndProject
Global
	GlobalSection(SolutionConfigurationPlatforms) = preSolution
		Debug|Any CPU = Debug|Any CPU
		Release|Any CPU = Release|Any CPU
	EndGlobalSection
	GlobalSection(ProjectConfigurationPlatforms) = postSolution
		{30C28DD3-272F-4A08-86D9-703158E8DDE4}.Debug|Any CPU.ActiveCfg = Debug|Any CPU
		{30C28DD3-272F-4A08-86D9-703158E8DDE4}.Debug|Any CPU.Build.0 = Debug|Any CPU
		{30C28DD3-272F-4A08-86D9-703158E8DDE4}.Release|Any CPU.ActiveCfg = Release|Any CPU
		{30C28DD3-272F-4A08-86D9-703158E8DDE4}.Release|Any CPU.Build.0 = Release|Any CPU
	EndGlobalSection
	GlobalSection(SolutionProperties) = preSolution
		HideSolutionNode = FALSE
	EndGlobalSection
	GlobalSection(ExtensibilityGlobals) = postSolution
		SolutionGuid = {1C7548F4-38C2-4E61-A097-1FF08D85660F}
	EndGlobalSection
EndGlobal
